
Microsoft Visual Studio Solution File, Format Version 12.00
# Visual Studio Version 17
VisualStudioVersion = 17.2.32602.215
MinimumVisualStudioVersion = 10.0.40219.1
Project("{9A19103F-16F7-4668-BE54-9A1E7A4F7556}") = "Dal", "Dal\Dal.csproj", "{B25D8763-5534-4158-9F3D-6BC7436DC071}"
EndProject
Project("{9A19103F-16F7-4668-BE54-9A1E7A4F7556}") = "BLL", "BLL\BLL.csproj", "{C49AF83B-C8A9-4F4F-90AA-86C9CC00D207}"
EndProject
Project("{9A19103F-16F7-4668-BE54-9A1E7A4F7556}") = "EntitiesDTO", "EntitiesDTO\EntitiesDTO.csproj", "{A9DBF571-1945-4EB0-AD2D-93435FB61172}"
EndProject
Project("{9A19103F-16F7-4668-BE54-9A1E7A4F7556}") = "webApi", "webApi\webApi.csproj", "{5CEEA626-12E7-435E-9FDB-6216A42A77FD}"
EndProject
Project("{FAE04EC0-301F-11D3-BF4B-00C04F79EFBC}") = "TestProject", "TestProject\TestProject.csproj", "{CA4F14B0-864F-4ED3-9B61-290A35B690CB}"
EndProject
Global
	GlobalSection(SolutionConfigurationPlatforms) = preSolution
		Debug|Any CPU = Debug|Any CPU
		Release|Any CPU = Release|Any CPU
	EndGlobalSection
	GlobalSection(ProjectConfigurationPlatforms) = postSolution
		{B25D8763-5534-4158-9F3D-6BC7436DC071}.Debug|Any CPU.ActiveCfg = Debug|Any CPU
		{B25D8763-5534-4158-9F3D-6BC7436DC071}.Debug|Any CPU.Build.0 = Debug|Any CPU
		{B25D8763-5534-4158-9F3D-6BC7436DC071}.Release|Any CPU.ActiveCfg = Release|Any CPU
		{B25D8763-5534-4158-9F3D-6BC7436DC071}.Release|Any CPU.Build.0 = Release|Any CPU
		{C49AF83B-C8A9-4F4F-90AA-86C9CC00D207}.Debug|Any CPU.ActiveCfg = Debug|Any CPU
		{C49AF83B-C8A9-4F4F-90AA-86C9CC00D207}.Debug|Any CPU.Build.0 = Debug|Any CPU
		{C49AF83B-C8A9-4F4F-90AA-86C9CC00D207}.Release|Any CPU.ActiveCfg = Release|Any CPU
		{C49AF83B-C8A9-4F4F-90AA-86C9CC00D207}.Release|Any CPU.Build.0 = Release|Any CPU
		{A9DBF571-1945-4EB0-AD2D-93435FB61172}.Debug|Any CPU.ActiveCfg = Debug|Any CPU
		{A9DBF571-1945-4EB0-AD2D-93435FB61172}.Debug|Any CPU.Build.0 = Debug|Any CPU
		{A9DBF571-1945-4EB0-AD2D-93435FB61172}.Release|Any CPU.ActiveCfg = Release|Any CPU
		{A9DBF571-1945-4EB0-AD2D-93435FB61172}.Release|Any CPU.Build.0 = Release|Any CPU
		{5CEEA626-12E7-435E-9FDB-6216A42A77FD}.Debug|Any CPU.ActiveCfg = Debug|Any CPU
		{5CEEA626-12E7-435E-9FDB-6216A42A77FD}.Debug|Any CPU.Build.0 = Debug|Any CPU
		{5CEEA626-12E7-435E-9FDB-6216A42A77FD}.Release|Any CPU.ActiveCfg = Release|Any CPU
		{5CEEA626-12E7-435E-9FDB-6216A42A77FD}.Release|Any CPU.Build.0 = Release|Any CPU
		{CA4F14B0-864F-4ED3-9B61-290A35B690CB}.Debug|Any CPU.ActiveCfg = Debug|Any CPU
		{CA4F14B0-864F-4ED3-9B61-290A35B690CB}.Debug|Any CPU.Build.0 = Debug|Any CPU
		{CA4F14B0-864F-4ED3-9B61-290A35B690CB}.Release|Any CPU.ActiveCfg = Release|Any CPU
		{CA4F14B0-864F-4ED3-9B61-290A35B690CB}.Release|Any CPU.Build.0 = Release|Any CPU
	EndGlobalSection
	GlobalSection(SolutionProperties) = preSolution
		HideSolutionNode = FALSE
	EndGlobalSection
	GlobalSection(ExtensibilityGlobals) = postSolution
		SolutionGuid = {CF4B2239-0982-4AAD-A2EF-73623150E859}
	EndGlobalSection
EndGlobal
